// !$*UTF8*$!
{
	archiveVersion = 1;
	classes = {
	};
	objectVersion = 46;
	objects = {

/* Begin PBXBuildFile section */
		38ABD9911AED7A4400CC272B /* AppDelegate.swift in Sources */ = {isa = PBXBuildFile; fileRef = 38ABD9901AED7A4400CC272B /* AppDelegate.swift */; };
		38ABD9931AED7A4400CC272B /* ViewController.swift in Sources */ = {isa = PBXBuildFile; fileRef = 38ABD9921AED7A4400CC272B /* ViewController.swift */; };
		38ABD9961AED7A4400CC272B /* Main.storyboard in Resources */ = {isa = PBXBuildFile; fileRef = 38ABD9941AED7A4400CC272B /* Main.storyboard */; };
		38ABD9981AED7A4400CC272B /* Images.xcassets in Resources */ = {isa = PBXBuildFile; fileRef = 38ABD9971AED7A4400CC272B /* Images.xcassets */; };
		38ABD99B1AED7A4400CC272B /* LaunchScreen.xib in Resources */ = {isa = PBXBuildFile; fileRef = 38ABD9991AED7A4400CC272B /* LaunchScreen.xib */; };
		38ABD9A71AED7A4400CC272B /* twitterTests.swift in Sources */ = {isa = PBXBuildFile; fileRef = 38ABD9A61AED7A4400CC272B /* twitterTests.swift */; };
/* End PBXBuildFile section */

/* Begin PBXContainerItemProxy section */
		38ABD9A11AED7A4400CC272B /* PBXContainerItemProxy */ = {
			isa = PBXContainerItemProxy;
			containerPortal = 38ABD9831AED7A4400CC272B /* Project object */;
			proxyType = 1;
			remoteGlobalIDString = 38ABD98A1AED7A4400CC272B;
			remoteInfo = twitter;
		};
/* End PBXContainerItemProxy section */

/* Begin PBXFileReference section */
		38ABD98B1AED7A4400CC272B /* twitter.app */ = {isa = PBXFileReference; explicitFileType = wrapper.application; includeInIndex = 0; path = twitter.app; sourceTree = BUILT_PRODUCTS_DIR; };
		38ABD98F1AED7A4400CC272B /* Info.plist */ = {isa = PBXFileReference; lastKnownFileType = text.plist.xml; path = Info.plist; sourceTree = "<group>"; };
		38ABD9901AED7A4400CC272B /* AppDelegate.swift */ = {isa = PBXFileReference; lastKnownFileType = sourcecode.swift; path = AppDelegate.swift; sourceTree = "<group>"; };
		38ABD9921AED7A4400CC272B /* ViewController.swift */ = {isa = PBXFileReference; lastKnownFileType = sourcecode.swift; path = ViewController.swift; sourceTree = "<group>"; };
		38ABD9951AED7A4400CC272B /* Base */ = {isa = PBXFileReference; lastKnownFileType = file.storyboard; name = Base; path = Base.lproj/Main.storyboard; sourceTree = "<group>"; };
		38ABD9971AED7A4400CC272B /* Images.xcassets */ = {isa = PBXFileReference; lastKnownFileType = folder.assetcatalog; path = Images.xcassets; sourceTree = "<group>"; };
		38ABD99A1AED7A4400CC272B /* Base */ = {isa = PBXFileReference; lastKnownFileType = file.xib; name = Base; path = Base.lproj/LaunchScreen.xib; sourceTree = "<group>"; };
		38ABD9A01AED7A4400CC272B /* twitterTests.xctest */ = {isa = PBXFileReference; explicitFileType = wrapper.cfbundle; includeInIndex = 0; path = twitterTests.xctest; sourceTree = BUILT_PRODUCTS_DIR; };
		38ABD9A51AED7A4400CC272B /* Info.plist */ = {isa = PBXFileReference; lastKnownFileType = text.plist.xml; path = Info.plist; sourceTree = "<group>"; };
		38ABD9A61AED7A4400CC272B /* twitterTests.swift */ = {isa = PBXFileReference; lastKnownFileType = sourcecode.swift; path = twitterTests.swift; sourceTree = "<group>"; };
/* End PBXFileReference section */

/* Begin PBXFrameworksBuildPhase section */
		38ABD9881AED7A4400CC272B /* Frameworks */ = {
			isa = PBXFrameworksBuildPhase;
			buildActionMask = 2147483647;
			files = (
			);
			runOnlyForDeploymentPostprocessing = 0;
		};
		38ABD99D1AED7A4400CC272B /* Frameworks */ = {
			isa = PBXFrameworksBuildPhase;
			buildActionMask = 2147483647;
			files = (
			);
			runOnlyForDeploymentPostprocessing = 0;
		};
/* End PBXFrameworksBuildPhase section */

/* Begin PBXGroup section */
		38ABD9821AED7A4400CC272B = {
			isa = PBXGroup;
			children = (
				38ABD98D1AED7A4400CC272B /* twitter */,
				38ABD9A31AED7A4400CC272B /* twitterTests */,
				38ABD98C1AED7A4400CC272B /* Products */,
			);
			sourceTree = "<group>";
		};
		38ABD98C1AED7A4400CC272B /* Products */ = {
			isa = PBXGroup;
			children = (
				38ABD98B1AED7A4400CC272B /* twitter.app */,
				38ABD9A01AED7A4400CC272B /* twitterTests.xctest */,
			);
			name = Products;
			sourceTree = "<group>";
		};
		38ABD98D1AED7A4400CC272B /* twitter */ = {
			isa = PBXGroup;
			children = (
				38ABD9901AED7A4400CC272B /* AppDelegate.swift */,
				38ABD9921AED7A4400CC272B /* ViewController.swift */,
				38ABD9941AED7A4400CC272B /* Main.storyboard */,
				38ABD9971AED7A4400CC272B /* Images.xcassets */,
				38ABD9991AED7A4400CC272B /* LaunchScreen.xib */,
				38ABD98E1AED7A4400CC272B /* Supporting Files */,
			);
			path = twitter;
			sourceTree = "<group>";
		};
		38ABD98E1AED7A4400CC272B /* Supporting Files */ = {
			isa = PBXGroup;
			children = (
				38ABD98F1AED7A4400CC272B /* Info.plist */,
			);
			name = "Supporting Files";
			sourceTree = "<group>";
		};
		38ABD9A31AED7A4400CC272B /* twitterTests */ = {
			isa = PBXGroup;
			children = (
				38ABD9A61AED7A4400CC272B /* twitterTests.swift */,
				38ABD9A41AED7A4400CC272B /* Supporting Files */,
			);
			path = twitterTests;
			sourceTree = "<group>";
		};
		38ABD9A41AED7A4400CC272B /* Supporting Files */ = {
			isa = PBXGroup;
			children = (
				38ABD9A51AED7A4400CC272B /* Info.plist */,
			);
			name = "Supporting Files";
			sourceTree = "<group>";
		};
/* End PBXGroup section */

/* Begin PBXNativeTarget section */
		38ABD98A1AED7A4400CC272B /* twitter */ = {
			isa = PBXNativeTarget;
			buildConfigurationList = 38ABD9AA1AED7A4400CC272B /* Build configuration list for PBXNativeTarget "twitter" */;
			buildPhases = (
				38ABD9871AED7A4400CC272B /* Sources */,
				38ABD9881AED7A4400CC272B /* Frameworks */,
				38ABD9891AED7A4400CC272B /* Resources */,
			);
			buildRules = (
			);
			dependencies = (
			);
			name = twitter;
			productName = twitter;
			productReference = 38ABD98B1AED7A4400CC272B /* twitter.app */;
			productType = "com.apple.product-type.application";
		};
		38ABD99F1AED7A4400CC272B /* twitterTests */ = {
			isa = PBXNativeTarget;
			buildConfigurationList = 38ABD9AD1AED7A4400CC272B /* Build configuration list for PBXNativeTarget "twitterTests" */;
			buildPhases = (
				38ABD99C1AED7A4400CC272B /* Sources */,
				38ABD99D1AED7A4400CC272B /* Frameworks */,
				38ABD99E1AED7A4400CC272B /* Resources */,
			);
			buildRules = (
			);
			dependencies = (
				38ABD9A21AED7A4400CC272B /* PBXTargetDependency */,
			);
			name = twitterTests;
			productName = twitterTests;
			productReference = 38ABD9A01AED7A4400CC272B /* twitterTests.xctest */;
			productType = "com.apple.product-type.bundle.unit-test";
		};
/* End PBXNativeTarget section */

/* Begin PBXProject section */
		38ABD9831AED7A4400CC272B /* Project object */ = {
			isa = PBXProject;
			attributes = {
				LastUpgradeCheck = 0620;
				ORGANIZATIONNAME = com.codepath;
				TargetAttributes = {
					38ABD98A1AED7A4400CC272B = {
						CreatedOnToolsVersion = 6.2;
					};
					38ABD99F1AED7A4400CC272B = {
						CreatedOnToolsVersion = 6.2;
						TestTargetID = 38ABD98A1AED7A4400CC272B;
					};
				};
			};
			buildConfigurationList = 38ABD9861AED7A4400CC272B /* Build configuration list for PBXProject "twitter" */;
			compatibilityVersion = "Xcode 3.2";
			developmentRegion = English;
			hasScannedForEncodings = 0;
			knownRegions = (
				en,
				Base,
			);
			mainGroup = 38ABD9821AED7A4400CC272B;
			productRefGroup = 38ABD98C1AED7A4400CC272B /* Products */;
			projectDirPath = "";
			projectRoot = "";
			targets = (
				38ABD98A1AED7A4400CC272B /* twitter */,
				38ABD99F1AED7A4400CC272B /* twitterTests */,
			);
		};
/* End PBXProject section */

/* Begin PBXResourcesBuildPhase section */
		38ABD9891AED7A4400CC272B /* Resources */ = {
			isa = PBXResourcesBuildPhase;
			buildActionMask = 2147483647;
			files = (
				38ABD9961AED7A4400CC272B /* Main.storyboard in Resources */,
				38ABD99B1AED7A4400CC272B /* LaunchScreen.xib in Resources */,
				38ABD9981AED7A4400CC272B /* Images.xcassets in Resources */,
			);
			runOnlyForDeploymentPostprocessing = 0;
		};
		38ABD99E1AED7A4400CC272B /* Resources */ = {
			isa = PBXResourcesBuildPhase;
			buildActionMask = 2147483647;
			files = (
			);
			runOnlyForDeploymentPostprocessing = 0;
		};
/* End PBXResourcesBuildPhase section */

/* Begin PBXSourcesBuildPhase section */
		38ABD9871AED7A4400CC272B /* Sources */ = {
			isa = PBXSourcesBuildPhase;
			buildActionMask = 2147483647;
			files = (
				38ABD9931AED7A4400CC272B /* ViewController.swift in Sources */,
				38ABD9911AED7A4400CC272B /* AppDelegate.swift in Sources */,
			);
			runOnlyForDeploymentPostprocessing = 0;
		};
		38ABD99C1AED7A4400CC272B /* Sources */ = {
			isa = PBXSourcesBuildPhase;
			buildActionMask = 2147483647;
			files = (
				38ABD9A71AED7A4400CC272B /* twitterTests.swift in Sources */,
			);
			runOnlyForDeploymentPostprocessing = 0;
		};
/* End PBXSourcesBuildPhase section */

/* Begin PBXTargetDependency section */
		38ABD9A21AED7A4400CC272B /* PBXTargetDependency */ = {
			isa = PBXTargetDependency;
			target = 38ABD98A1AED7A4400CC272B /* twitter */;
			targetProxy = 38ABD9A11AED7A4400CC272B /* PBXContainerItemProxy */;
		};
/* End PBXTargetDependency section */

/* Begin PBXVariantGroup section */
		38ABD9941AED7A4400CC272B /* Main.storyboard */ = {
			isa = PBXVariantGroup;
			children = (
				38ABD9951AED7A4400CC272B /* Base */,
			);
			name = Main.storyboard;
			sourceTree = "<group>";
		};
		38ABD9991AED7A4400CC272B /* LaunchScreen.xib */ = {
			isa = PBXVariantGroup;
			children = (
				38ABD99A1AED7A4400CC272B /* Base */,
			);
			name = LaunchScreen.xib;
			sourceTree = "<group>";
		};
/* End PBXVariantGroup section */

/* Begin XCBuildConfiguration section */
		38ABD9A81AED7A4400CC272B /* Debug */ = {
			isa = XCBuildConfiguration;
			buildSettings = {
				ALWAYS_SEARCH_USER_PATHS = NO;
				CLANG_CXX_LANGUAGE_STANDARD = "gnu++0x";
				CLANG_CXX_LIBRARY = "libc++";
				CLANG_ENABLE_MODULES = YES;
				CLANG_ENABLE_OBJC_ARC = YES;
				CLANG_WARN_BOOL_CONVERSION = YES;
				CLANG_WARN_CONSTANT_CONVERSION = YES;
				CLANG_WARN_DIRECT_OBJC_ISA_USAGE = YES_ERROR;
				CLANG_WARN_EMPTY_BODY = YES;
				CLANG_WARN_ENUM_CONVERSION = YES;
				CLANG_WARN_INT_CONVERSION = YES;
				CLANG_WARN_OBJC_ROOT_CLASS = YES_ERROR;
				CLANG_WARN_UNREACHABLE_CODE = YES;
				CLANG_WARN__DUPLICATE_METHOD_MATCH = YES;
				"CODE_SIGN_IDENTITY[sdk=iphoneos*]" = "iPhone Developer";
				COPY_PHASE_STRIP = NO;
				ENABLE_STRICT_OBJC_MSGSEND = YES;
				GCC_C_LANGUAGE_STANDARD = gnu99;
				GCC_DYNAMIC_NO_PIC = NO;
				GCC_OPTIMIZATION_LEVEL = 0;
				GCC_PREPROCESSOR_DEFINITIONS = (
					"DEBUG=1",
					"$(inherited)",
				);
				GCC_SYMBOLS_PRIVATE_EXTERN = NO;
				GCC_WARN_64_TO_32_BIT_CONVERSION = YES;
				GCC_WARN_ABOUT_RETURN_TYPE = YES_ERROR;
				GCC_WARN_UNDECLARED_SELECTOR = YES;
				GCC_WARN_UNINITIALIZED_AUTOS = YES_AGGRESSIVE;
				GCC_WARN_UNUSED_FUNCTION = YES;
				GCC_WARN_UNUSED_VARIABLE = YES;
				IPHONEOS_DEPLOYMENT_TARGET = 8.2;
				MTL_ENABLE_DEBUG_INFO = YES;
				ONLY_ACTIVE_ARCH = YES;
				SDKROOT = iphoneos;
				SWIFT_OPTIMIZATION_LEVEL = "-Onone";
			};
			name = Debug;
		};
		38ABD9A91AED7A4400CC272B /* Release */ = {
			isa = XCBuildConfiguration;
			buildSettings = {
				ALWAYS_SEARCH_USER_PATHS = NO;
				CLANG_CXX_LANGUAGE_STANDARD = "gnu++0x";
				CLANG_CXX_LIBRARY = "libc++";
				CLANG_ENABLE_MODULES = YES;
				CLANG_ENABLE_OBJC_ARC = YES;
				CLANG_WARN_BOOL_CONVERSION = YES;
				CLANG_WARN_CONSTANT_CONVERSION = YES;
				CLANG_WARN_DIRECT_OBJC_ISA_USAGE = YES_ERROR;
				CLANG_WARN_EMPTY_BODY = YES;
				CLANG_WARN_ENUM_CONVERSION = YES;
				CLANG_WARN_INT_CONVERSION = YES;
				CLANG_WARN_OBJC_ROOT_CLASS = YES_ERROR;
				CLANG_WARN_UNREACHABLE_CODE = YES;
				CLANG_WARN__DUPLICATE_METHOD_MATCH = YES;
				"CODE_SIGN_IDENTITY[sdk=iphoneos*]" = "iPhone Developer";
				COPY_PHASE_STRIP = NO;
				ENABLE_NS_ASSERTIONS = NO;
				ENABLE_STRICT_OBJC_MSGSEND = YES;
				GCC_C_LANGUAGE_STANDARD = gnu99;
				GCC_WARN_64_TO_32_BIT_CONVERSION = YES;
				GCC_WARN_ABOUT_RETURN_TYPE = YES_ERROR;
				GCC_WARN_UNDECLARED_SELECTOR = YES;
				GCC_WARN_UNINITIALIZED_AUTOS = YES_AGGRESSIVE;
				GCC_WARN_UNUSED_FUNCTION = YES;
				GCC_WARN_UNUSED_VARIABLE = YES;
				IPHONEOS_DEPLOYMENT_TARGET = 8.2;
				MTL_ENABLE_DEBUG_INFO = NO;
				SDKROOT = iphoneos;
				VALIDATE_PRODUCT = YES;
			};
			name = Release;
		};
		38ABD9AB1AED7A4400CC272B /* Debug */ = {
			isa = XCBuildConfiguration;
			buildSettings = {
				ASSETCATALOG_COMPILER_APPICON_NAME = AppIcon;
				INFOPLIST_FILE = twitter/Info.plist;
				LD_RUNPATH_SEARCH_PATHS = "$(inherited) @executable_path/Frameworks";
				PRODUCT_NAME = "$(TARGET_NAME)";
			};
			name = Debug;
		};
		38ABD9AC1AED7A4400CC272B /* Release */ = {
			isa = XCBuildConfiguration;
			buildSettings = {
				ASSETCATALOG_COMPILER_APPICON_NAME = AppIcon;
				INFOPLIST_FILE = twitter/Info.plist;
				LD_RUNPATH_SEARCH_PATHS = "$(inherited) @executable_path/Frameworks";
				PRODUCT_NAME = "$(TARGET_NAME)";
			};
			name = Release;
		};
		38ABD9AE1AED7A4400CC272B /* Debug */ = {
			isa = XCBuildConfiguration;
			buildSettings = {
				BUNDLE_LOADER = "$(TEST_HOST)";
				FRAMEWORK_SEARCH_PATHS = (
					"$(SDKROOT)/Developer/Library/Frameworks",
					"$(inherited)",
				);
				GCC_PREPROCESSOR_DEFINITIONS = (
					"DEBUG=1",
					"$(inherited)",
				);
				INFOPLIST_FILE = twitterTests/Info.plist;
				LD_RUNPATH_SEARCH_PATHS = "$(inherited) @executable_path/Frameworks @loader_path/Frameworks";
				PRODUCT_NAME = "$(TARGET_NAME)";
				TEST_HOST = "$(BUILT_PRODUCTS_DIR)/twitter.app/twitter";
			};
			name = Debug;
		};
		38ABD9AF1AED7A4400CC272B /* Release */ = {
			isa = XCBuildConfiguration;
			buildSettings = {
				BUNDLE_LOADER = "$(TEST_HOST)";
				FRAMEWORK_SEARCH_PATHS = (
					"$(SDKROOT)/Developer/Library/Frameworks",
					"$(inherited)",
				);
				INFOPLIST_FILE = twitterTests/Info.plist;
				LD_RUNPATH_SEARCH_PATHS = "$(inherited) @executable_path/Frameworks @loader_path/Frameworks";
				PRODUCT_NAME = "$(TARGET_NAME)";
				TEST_HOST = "$(BUILT_PRODUCTS_DIR)/twitter.app/twitter";
			};
			name = Release;
		};
/* End XCBuildConfiguration section */

/* Begin XCConfigurationList section */
		38ABD9861AED7A4400CC272B /* Build configuration list for PBXProject "twitter" */ = {
			isa = XCConfigurationList;
			buildConfigurations = (
				38ABD9A81AED7A4400CC272B /* Debug */,
				38ABD9A91AED7A4400CC272B /* Release */,
			);
			defaultConfigurationIsVisible = 0;
			defaultConfigurationName = Release;
		};
		38ABD9AA1AED7A4400CC272B /* Build configuration list for PBXNativeTarget "twitter" */ = {
			isa = XCConfigurationList;
			buildConfigurations = (
				38ABD9AB1AED7A4400CC272B /* Debug */,
				38ABD9AC1AED7A4400CC272B /* Release */,
			);
			defaultConfigurationIsVisible = 0;
		};
		38ABD9AD1AED7A4400CC272B /* Build configuration list for PBXNativeTarget "twitterTests" */ = {
			isa = XCConfigurationList;
			buildConfigurations = (
				38ABD9AE1AED7A4400CC272B /* Debug */,
				38ABD9AF1AED7A4400CC272B /* Release */,
			);
			defaultConfigurationIsVisible = 0;
		};
/* End XCConfigurationList section */
	};
	rootObject = 38ABD9831AED7A4400CC272B /* Project object */;
}
